<?xml version="1.0" encoding="utf-8"?>
<Project ToolsVersion="4.0" xmlns="http://schemas.microsoft.com/developer/msbuild/2003">
  <ItemGroup>
    <Filter Include="Source Files">
      <UniqueIdentifier>{4FC737F1-C7A5-4376-A066-2A32D752A2FF}</UniqueIdentifier>
      <Extensions>cpp;cxx;c;def</Extensions>
    </Filter>
    <Filter Include="Header Files">
      <UniqueIdentifier>{93995380-89BD-4b04-88EB-625FBE52EBFB}</UniqueIdentifier>
      <Extensions>h</Extensions>
    </Filter>
    <Filter Include="Form Files">
      <UniqueIdentifier>{99349809-55BA-4b9d-BF79-8FDBB0286EB3}</UniqueIdentifier>
      <Extensions>ui</Extensions>
    </Filter>
    <Filter Include="Resource Files">
      <UniqueIdentifier>{D9D6E242-F8AF-46E4-B9FD-80ECBC20BA3E}</UniqueIdentifier>
      <Extensions>qrc;*</Extensions>
      <ParseFiles>false</ParseFiles>
    </Filter>
    <Filter Include="Generated Files">
      <UniqueIdentifier>{71ED8ED8-ACB9-4CE9-BBE1-E00B30144E11}</UniqueIdentifier>
      <Extensions>moc;h;cpp</Extensions>
      <SourceControlFiles>False</SourceControlFiles>
    </Filter>
    <Filter Include="Generated Files\Debug">
      <UniqueIdentifier>{4ef5f947-25b9-4767-886e-531113bc0da4}</UniqueIdentifier>
      <Extensions>cpp;moc</Extensions>
      <SourceControlFiles>False</SourceControlFiles>
    </Filter>
    <Filter Include="Generated Files\Release">
      <UniqueIdentifier>{41c03704-8d5b-4d45-a747-ef348cb66ad2}</UniqueIdentifier>
      <Extensions>cpp;moc</Extensions>
      <SourceControlFiles>False</SourceControlFiles>
    </Filter>
    <Filter Include="Deprecated">
      <UniqueIdentifier>{28d94e53-8d81-42fa-bcbc-0ce0dbabf026}</UniqueIdentifier>
    </Filter>
    <Filter Include="FlatBuffers">
      <UniqueIdentifier>{11e65b2a-83ce-4688-871f-ff3c2b706a88}</UniqueIdentifier>
    </Filter>
  </ItemGroup>
  <ItemGroup>
    <ClInclude Include="GeneratedFiles\eresources_generated.h">
      <Filter>FlatBuffers</Filter>
    </ClInclude>
    <ClInclude Include="GeneratedFiles\narratives_generated.h">
      <Filter>FlatBuffers</Filter>
    </ClInclude>
    <ClInclude Include="GeneratedFiles\settings_generated.h">
      <Filter>FlatBuffers</Filter>
    </ClInclude>
    <ClInclude Include="GeneratedFiles\types_generated.h">
      <Filter>FlatBuffers</Filter>
    </ClInclude>
    <ClInclude Include="GeneratedFiles\vsim_generated.h">
      <Filter>FlatBuffers</Filter>
    </ClInclude>
    <ClInclude Include="..\..\src\deprecated\narrative\Narrative.h">
      <Filter>Deprecated</Filter>
    </ClInclude>
    <ClInclude Include="..\..\src\deprecated\narrative\NarrativeNode.h">
      <Filter>Deprecated</Filter>
    </ClInclude>
    <ClInclude Include="..\..\src\deprecated\osgNewWidget\Canvas.h">
      <Filter>Deprecated</Filter>
    </ClInclude>
    <ClInclude Include="..\..\src\deprecated\osgNewWidget\Label.h">
      <Filter>Deprecated</Filter>
    </ClInclude>
    <ClInclude Include="..\..\src\deprecated\osgNewWidget\VSWidget.h">
      <Filter>Deprecated</Filter>
    </ClInclude>
    <ClInclude Include="..\..\src\deprecated\osgNewWidget\Widget.h">
      <Filter>Deprecated</Filter>
    </ClInclude>
    <ClInclude Include="..\..\src\deprecated\resources\EResourcesCategory.h">
      <Filter>Deprecated</Filter>
    </ClInclude>
    <ClInclude Include="..\..\src\deprecated\resources\EResourcesList.h">
      <Filter>Deprecated</Filter>
    </ClInclude>
    <ClInclude Include="..\..\src\deprecated\resources\EResourcesNode.h">
      <Filter>Deprecated</Filter>
    </ClInclude>
    <ClInclude Include="..\..\src\BaseFirstPersonManipulator.h">
      <Filter>Header Files</Filter>
    </ClInclude>
    <ClInclude Include="..\..\src\Command.h">
      <Filter>Header Files</Filter>
    </ClInclude>
    <ClInclude Include="..\..\src\ERSerializer.h">
      <Filter>Header Files</Filter>
    </ClInclude>
    <ClInclude Include="..\..\src\FileUtil.h">
      <Filter>Header Files</Filter>
    </ClInclude>
    <ClInclude Include="..\..\src\FirstPersonManipulator.h">
      <Filter>Header Files</Filter>
    </ClInclude>
    <ClInclude Include="..\..\src\FlightManipulator.h">
      <Filter>Header Files</Filter>
    </ClInclude>
    <ClInclude Include="..\..\src\KeyTracker.h">
      <Filter>Header Files</Filter>
    </ClInclude>
    <ClInclude Include="..\..\src\LabelType.h">
      <Filter>Header Files</Filter>
    </ClInclude>
    <ClInclude Include="..\..\src\ModelInformation.h">
      <Filter>Header Files</Filter>
    </ClInclude>
    <ClInclude Include="..\..\src\NarrativeSerializer.h">
      <Filter>Header Files</Filter>
    </ClInclude>
    <ClInclude Include="..\..\src\Navigation.h">
      <Filter>Header Files</Filter>
    </ClInclude>
    <ClInclude Include="..\..\src\ObjectManipulator.h">
      <Filter>Header Files</Filter>
    </ClInclude>
    <ClInclude Include="..\..\src\RegisterMetaTypes.h">
      <Filter>Header Files</Filter>
    </ClInclude>
    <ClInclude Include="..\..\src\SimpleCameraManipulator.h">
      <Filter>Header Files</Filter>
    </ClInclude>
    <ClInclude Include="..\..\src\TypesSerializer.h">
      <Filter>Header Files</Filter>
    </ClInclude>
    <ClInclude Include="..\..\src\Util.h">
      <Filter>Header Files</Filter>
    </ClInclude>
    <ClInclude Include="..\..\src\VSimSerializer.h">
      <Filter>Header Files</Filter>
    </ClInclude>
  </ItemGroup>
  <ItemGroup>
    <CustomBuild Include="../../*.fbs" />
    <CustomBuild Include="../../*.fbs" />
    <CustomBuild Include="../../*.fbs" />
    <CustomBuild Include="../../*.fbs" />
    <CustomBuild Include="../../*.fbs" />
    <CustomBuild Include="../../*.fbs" />
    <CustomBuild Include="../../*.fbs" />
    <CustomBuild Include="../../*.fbs" />
    <CustomBuild Include="../../*.fbs" />
    <CustomBuild Include="../../*.fbs" />
  </ItemGroup>
  <ItemGroup>
    <ClCompile Include="..\..\src\deprecated\narrative\Narrative.cpp">
      <Filter>Deprecated</Filter>
    </ClCompile>
    <ClCompile Include="..\..\src\deprecated\narrative\NarrativeNode.cpp">
      <Filter>Deprecated</Filter>
    </ClCompile>
    <ClCompile Include="..\..\src\deprecated\narrative\SerializerNarrative.cpp">
      <Filter>Deprecated</Filter>
    </ClCompile>
    <ClCompile Include="..\..\src\deprecated\narrative\SerializerNarrativeNode.cpp">
      <Filter>Deprecated</Filter>
    </ClCompile>
    <ClCompile Include="..\..\src\deprecated\narrative\SerializerNarrativeTransition.cpp">
      <Filter>Deprecated</Filter>
    </ClCompile>
    <ClCompile Include="..\..\src\deprecated\osgNewWidget\Canvas.cpp">
      <Filter>Deprecated</Filter>
    </ClCompile>
    <ClCompile Include="..\..\src\deprecated\osgNewWidget\Label.cpp">
      <Filter>Deprecated</Filter>
    </ClCompile>
    <ClCompile Include="..\..\src\deprecated\osgNewWidget\SerializerCanvas.cpp">
      <Filter>Deprecated</Filter>
    </ClCompile>
    <ClCompile Include="..\..\src\deprecated\osgNewWidget\SerializerLabel.cpp">
      <Filter>Deprecated</Filter>
    </ClCompile>
    <ClCompile Include="..\..\src\deprecated\osgNewWidget\SerializerVSCanvas.cpp">
      <Filter>Deprecated</Filter>
    </ClCompile>
    <ClCompile Include="..\..\src\deprecated\osgNewWidget\SerializerVSLabel.cpp">
      <Filter>Deprecated</Filter>
    </ClCompile>
    <ClCompile Include="..\..\src\deprecated\osgNewWidget\SerializerVSWidget.cpp">
      <Filter>Deprecated</Filter>
    </ClCompile>
    <ClCompile Include="..\..\src\deprecated\osgNewWidget\SerializerWidget.cpp">
      <Filter>Deprecated</Filter>
    </ClCompile>
    <ClCompile Include="..\..\src\deprecated\osgNewWidget\VSWidget.cpp">
      <Filter>Deprecated</Filter>
    </ClCompile>
    <ClCompile Include="..\..\src\deprecated\osgNewWidget\Widget.cpp">
      <Filter>Deprecated</Filter>
    </ClCompile>
    <ClCompile Include="..\..\src\deprecated\resources\EResourcesCategory.cpp">
      <Filter>Deprecated</Filter>
    </ClCompile>
    <ClCompile Include="..\..\src\deprecated\resources\EResourcesList.cpp">
      <Filter>Deprecated</Filter>
    </ClCompile>
    <ClCompile Include="..\..\src\deprecated\resources\EResourcesNode.cpp">
      <Filter>Deprecated</Filter>
    </ClCompile>
    <ClCompile Include="..\..\src\deprecated\resources\SerializerEResourcesList.cpp">
      <Filter>Deprecated</Filter>
    </ClCompile>
    <ClCompile Include="..\..\src\deprecated\resources\SerializerEResourcesNode.cpp">
      <Filter>Deprecated</Filter>
    </ClCompile>
    <ClCompile Include="..\..\src\deprecated\SerializerModelInformation.cpp">
      <Filter>Deprecated</Filter>
    </ClCompile>
    <ClCompile Include="..\..\src\narrative\CanvasContainer.cpp">
      <Filter>Source Files</Filter>
    </ClCompile>
    <ClCompile Include="..\..\src\narrative\Narrative2.cpp">
      <Filter>Source Files</Filter>
    </ClCompile>
    <ClCompile Include="..\..\src\narrative\NarrativeCanvas.cpp">
      <Filter>Source Files</Filter>
    </ClCompile>
    <ClCompile Include="..\..\src\narrative\NarrativeControl.cpp">
      <Filter>Source Files</Filter>
    </ClCompile>
    <ClCompile Include="..\..\src\narrative\NarrativeGroup.cpp">
      <Filter>Source Files</Filter>
    </ClCompile>
    <ClCompile Include="..\..\src\narrative\NarrativeInfoDialog.cpp">
      <Filter>Source Files</Filter>
    </ClCompile>
    <ClCompile Include="..\..\src\narrative\NarrativePlayer.cpp">
      <Filter>Source Files</Filter>
    </ClCompile>
    <ClCompile Include="..\..\src\narrative\NarrativeScrollBox.cpp">
      <Filter>Source Files</Filter>
    </ClCompile>
    <ClCompile Include="..\..\src\narrative\NarrativeScrollItem.cpp">
      <Filter>Source Files</Filter>
    </ClCompile>
    <ClCompile Include="..\..\src\narrative\NarrativeSlide.cpp">
      <Filter>Source Files</Filter>
    </ClCompile>
    <ClCompile Include="..\..\src\narrative\NarrativeSlideDurationDialog.cpp">
      <Filter>Source Files</Filter>
    </ClCompile>
    <ClCompile Include="..\..\src\narrative\NarrativeSlideItem.cpp">
      <Filter>Source Files</Filter>
    </ClCompile>
    <ClCompile Include="..\..\src\narrative\NarrativeSlideLabel.cpp">
      <Filter>Source Files</Filter>
    </ClCompile>
    <ClCompile Include="..\..\src\narrative\SlideScrollBox.cpp">
      <Filter>Source Files</Filter>
    </ClCompile>
    <ClCompile Include="..\..\src\narrative\SlideScrollItem.cpp">
      <Filter>Source Files</Filter>
    </ClCompile>
    <ClCompile Include="..\..\src\resources\ECategory.cpp">
      <Filter>Source Files</Filter>
    </ClCompile>
    <ClCompile Include="..\..\src\resources\ECategoryControl.cpp">
      <Filter>Source Files</Filter>
    </ClCompile>
    <ClCompile Include="..\..\src\resources\ECategoryGroup.cpp">
      <Filter>Source Files</Filter>
    </ClCompile>
    <ClCompile Include="..\..\src\resources\ECategoryModel.cpp">
      <Filter>Source Files</Filter>
    </ClCompile>
    <ClCompile Include="..\..\src\resources\ERControl.cpp">
      <Filter>Source Files</Filter>
    </ClCompile>
    <ClCompile Include="..\..\src\resources\ERDialog.cpp">
      <Filter>Source Files</Filter>
    </ClCompile>
    <ClCompile Include="..\..\src\resources\ERDisplay.cpp">
      <Filter>Source Files</Filter>
    </ClCompile>
    <ClCompile Include="..\..\src\resources\EResource.cpp">
      <Filter>Source Files</Filter>
    </ClCompile>
    <ClCompile Include="..\..\src\resources\EResourceGroup.cpp">
      <Filter>Source Files</Filter>
    </ClCompile>
    <ClCompile Include="..\..\src\resources\ERFilterArea.cpp">
      <Filter>Source Files</Filter>
    </ClCompile>
    <ClCompile Include="..\..\src\resources\ERFilterSortProxy.cpp">
      <Filter>Source Files</Filter>
    </ClCompile>
    <ClCompile Include="..\..\src\resources\ERScrollBox.cpp">
      <Filter>Source Files</Filter>
    </ClCompile>
    <ClCompile Include="..\..\src\resources\ERScrollItem.cpp">
      <Filter>Source Files</Filter>
    </ClCompile>
    <ClCompile Include="..\..\src\resources\NewCatDialog.cpp">
      <Filter>Source Files</Filter>
    </ClCompile>
    <ClCompile Include="..\..\src\BaseFirstPersonManipulator.cpp">
      <Filter>Source Files</Filter>
    </ClCompile>
    <ClCompile Include="..\..\src\CheckableListProxy.cpp">
      <Filter>Source Files</Filter>
    </ClCompile>
    <ClCompile Include="..\..\src\editButtons.cpp">
      <Filter>Source Files</Filter>
    </ClCompile>
    <ClCompile Include="..\..\src\EditDeleteDelegate.cpp">
      <Filter>Source Files</Filter>
    </ClCompile>
    <ClCompile Include="..\..\src\ERBar.cpp">
      <Filter>Source Files</Filter>
    </ClCompile>
    <ClCompile Include="..\..\src\ERSerializer.cpp">
      <Filter>Source Files</Filter>
    </ClCompile>
    <ClCompile Include="..\..\src\FileUtil.cpp">
      <Filter>Source Files</Filter>
    </ClCompile>
    <ClCompile Include="..\..\src\FirstPersonManipulator.cpp">
      <Filter>Source Files</Filter>
    </ClCompile>
    <ClCompile Include="..\..\src\FlightManipulator.cpp">
      <Filter>Source Files</Filter>
    </ClCompile>
    <ClCompile Include="..\..\src\FocusFilter.cpp">
      <Filter>Source Files</Filter>
    </ClCompile>
    <ClCompile Include="..\..\src\Group.cpp">
      <Filter>Source Files</Filter>
    </ClCompile>
    <ClCompile Include="..\..\src\GroupModel.cpp">
      <Filter>Source Files</Filter>
    </ClCompile>
    <ClCompile Include="..\..\src\GroupProxy.cpp">
      <Filter>Source Files</Filter>
    </ClCompile>
    <ClCompile Include="..\..\src\GroupScrollBox.cpp">
      <Filter>Source Files</Filter>
    </ClCompile>
    <ClCompile Include="..\..\src\HorizontalScrollBox.cpp">
      <Filter>Source Files</Filter>
    </ClCompile>
    <ClCompile Include="..\..\src\KeyTracker.cpp">
      <Filter>Source Files</Filter>
    </ClCompile>
    <ClCompile Include="..\..\src\LabelStyle.cpp">
      <Filter>Source Files</Filter>
    </ClCompile>
    <ClCompile Include="..\..\src\LabelStyleGroup.cpp">
      <Filter>Source Files</Filter>
    </ClCompile>
    <ClCompile Include="..\..\src\main.cpp">
      <Filter>Source Files</Filter>
    </ClCompile>
    <ClCompile Include="..\..\src\MainWindow.cpp">
      <Filter>Source Files</Filter>
    </ClCompile>
    <ClCompile Include="..\..\src\MainWindowTopBar.cpp">
      <Filter>Source Files</Filter>
    </ClCompile>
    <ClCompile Include="..\..\src\ModelGroup.cpp">
      <Filter>Source Files</Filter>
    </ClCompile>
    <ClCompile Include="..\..\src\ModelOutliner.cpp">
      <Filter>Source Files</Filter>
    </ClCompile>
    <ClCompile Include="..\..\src\ModelTableModel.cpp">
      <Filter>Source Files</Filter>
    </ClCompile>
    <ClCompile Include="..\..\src\mrichtextedit.cpp">
      <Filter>Source Files</Filter>
    </ClCompile>
    <ClCompile Include="..\..\src\mtextedit.cpp">
      <Filter>Source Files</Filter>
    </ClCompile>
    <ClCompile Include="..\..\src\NarrativeSerializer.cpp">
      <Filter>Source Files</Filter>
    </ClCompile>
    <ClCompile Include="..\..\src\NavigationControl.cpp">
      <Filter>Source Files</Filter>
    </ClCompile>
    <ClCompile Include="..\..\src\NumberSlider.cpp">
      <Filter>Source Files</Filter>
    </ClCompile>
    <ClCompile Include="..\..\src\ObjectManipulator.cpp">
      <Filter>Source Files</Filter>
    </ClCompile>
    <ClCompile Include="..\..\src\OSGViewerWidget.cpp">
      <Filter>Source Files</Filter>
    </ClCompile>
    <ClCompile Include="..\..\src\ScrollBoxItem.cpp">
      <Filter>Source Files</Filter>
    </ClCompile>
    <ClCompile Include="..\..\src\Selection.cpp">
      <Filter>Source Files</Filter>
    </ClCompile>
    <ClCompile Include="..\..\src\SelectionStack.cpp">
      <Filter>Source Files</Filter>
    </ClCompile>
    <ClCompile Include="..\..\src\SimpleCameraManipulator.cpp">
      <Filter>Source Files</Filter>
    </ClCompile>
    <ClCompile Include="..\..\src\StyleSettingsDialog.cpp">
      <Filter>Source Files</Filter>
    </ClCompile>
    <ClCompile Include="..\..\src\StyleSettingsWidget.cpp">
      <Filter>Source Files</Filter>
    </ClCompile>
    <ClCompile Include="..\..\src\TextToolbar.cpp">
      <Filter>Source Files</Filter>
    </ClCompile>
    <ClCompile Include="..\..\src\TickSlider.cpp">
      <Filter>Source Files</Filter>
    </ClCompile>
    <ClCompile Include="..\..\src\TimeSlider.cpp">
      <Filter>Source Files</Filter>
    </ClCompile>
    <ClCompile Include="..\..\src\TypesSerializer.cpp">
      <Filter>Source Files</Filter>
    </ClCompile>
    <ClCompile Include="..\..\src\Util.cpp">
      <Filter>Source Files</Filter>
    </ClCompile>
    <ClCompile Include="..\..\src\VSimApp.cpp">
      <Filter>Source Files</Filter>
    </ClCompile>
    <ClCompile Include="..\..\src\VSimRoot.cpp">
      <Filter>Source Files</Filter>
    </ClCompile>
    <ClCompile Include="..\..\src\VSimSerializer.cpp">
      <Filter>Source Files</Filter>
    </ClCompile>
  </ItemGroup>
  <ItemGroup>
    <QtMoc Include="..\..\src\narrative\CanvasContainer.h">
      <Filter>Header Files</Filter>
    </QtMoc>
    <QtMoc Include="..\..\src\narrative\Narrative2.h">
      <Filter>Header Files</Filter>
    </QtMoc>
    <QtMoc Include="..\..\src\narrative\NarrativeCanvas.h">
      <Filter>Header Files</Filter>
    </QtMoc>
    <QtMoc Include="..\..\src\narrative\NarrativeControl.h">
      <Filter>Header Files</Filter>
    </QtMoc>
    <QtMoc Include="..\..\src\narrative\NarrativeGroup.h">
      <Filter>Header Files</Filter>
    </QtMoc>
    <QtMoc Include="..\..\src\narrative\NarrativeInfoDialog.h">
      <Filter>Header Files</Filter>
    </QtMoc>
    <QtMoc Include="..\..\src\narrative\NarrativePlayer.h">
      <Filter>Header Files</Filter>
    </QtMoc>
    <QtMoc Include="..\..\src\narrative\NarrativeScrollBox.h">
      <Filter>Header Files</Filter>
    </QtMoc>
    <QtMoc Include="..\..\src\narrative\NarrativeScrollItem.h">
      <Filter>Header Files</Filter>
    </QtMoc>
    <QtMoc Include="..\..\src\narrative\NarrativeSlide.h">
      <Filter>Header Files</Filter>
    </QtMoc>
    <QtMoc Include="..\..\src\narrative\NarrativeSlideDurationDialog.h">
      <Filter>Header Files</Filter>
    </QtMoc>
    <QtMoc Include="..\..\src\narrative\NarrativeSlideItem.h">
      <Filter>Header Files</Filter>
    </QtMoc>
    <QtMoc Include="..\..\src\narrative\NarrativeSlideLabel.h">
      <Filter>Header Files</Filter>
    </QtMoc>
    <QtMoc Include="..\..\src\narrative\SlideScrollBox.h">
      <Filter>Header Files</Filter>
    </QtMoc>
    <QtMoc Include="..\..\src\narrative\SlideScrollItem.h">
      <Filter>Header Files</Filter>
    </QtMoc>
    <QtMoc Include="..\..\src\resources\ECategory.h">
      <Filter>Header Files</Filter>
    </QtMoc>
    <QtMoc Include="..\..\src\resources\ECategoryControl.h">
      <Filter>Header Files</Filter>
    </QtMoc>
    <QtMoc Include="..\..\src\resources\ECategoryGroup.h">
      <Filter>Header Files</Filter>
    </QtMoc>
    <QtMoc Include="..\..\src\resources\ECategoryModel.h">
      <Filter>Header Files</Filter>
    </QtMoc>
    <QtMoc Include="..\..\src\resources\ERControl.h">
      <Filter>Header Files</Filter>
    </QtMoc>
    <QtMoc Include="..\..\src\resources\ERDialog.h">
      <Filter>Header Files</Filter>
    </QtMoc>
    <QtMoc Include="..\..\src\resources\ERDisplay.h">
      <Filter>Header Files</Filter>
    </QtMoc>
    <QtMoc Include="..\..\src\resources\EResource.h">
      <Filter>Header Files</Filter>
    </QtMoc>
    <QtMoc Include="..\..\src\resources\EResourceGroup.h">
      <Filter>Header Files</Filter>
    </QtMoc>
    <QtMoc Include="..\..\src\resources\ERFilterArea.h">
      <Filter>Header Files</Filter>
    </QtMoc>
    <QtMoc Include="..\..\src\resources\ERFilterSortProxy.h">
      <Filter>Header Files</Filter>
    </QtMoc>
    <QtMoc Include="..\..\src\resources\ERScrollBox.h">
      <Filter>Header Files</Filter>
    </QtMoc>
    <QtMoc Include="..\..\src\resources\ERScrollItem.h">
      <Filter>Header Files</Filter>
    </QtMoc>
    <QtMoc Include="..\..\src\resources\NewCatDialog.h">
      <Filter>Header Files</Filter>
    </QtMoc>
    <QtMoc Include="..\..\src\CheckableListProxy.h">
      <Filter>Header Files</Filter>
    </QtMoc>
    <QtMoc Include="..\..\src\editButtons.h">
      <Filter>Header Files</Filter>
    </QtMoc>
    <QtMoc Include="..\..\src\EditDeleteDelegate.h">
      <Filter>Header Files</Filter>
    </QtMoc>
    <QtMoc Include="..\..\src\ERBar.h">
      <Filter>Header Files</Filter>
    </QtMoc>
    <QtMoc Include="..\..\src\FocusFilter.h">
      <Filter>Header Files</Filter>
    </QtMoc>
    <QtMoc Include="..\..\src\Group.h">
      <Filter>Header Files</Filter>
    </QtMoc>
    <QtMoc Include="..\..\src\GroupModel.h">
      <Filter>Header Files</Filter>
    </QtMoc>
    <QtMoc Include="..\..\src\GroupProxy.h">
      <Filter>Header Files</Filter>
    </QtMoc>
    <QtMoc Include="..\..\src\GroupScrollBox.h">
      <Filter>Header Files</Filter>
    </QtMoc>
    <QtMoc Include="..\..\src\HorizontalScrollBox.h">
      <Filter>Header Files</Filter>
    </QtMoc>
    <QtMoc Include="..\..\src\LabelStyle.h">
      <Filter>Header Files</Filter>
    </QtMoc>
    <QtMoc Include="..\..\src\LabelStyleGroup.h">
      <Filter>Header Files</Filter>
    </QtMoc>
    <QtMoc Include="..\..\src\MainWindow.h">
      <Filter>Header Files</Filter>
    </QtMoc>
    <QtMoc Include="..\..\src\MainWindowTopBar.h">
      <Filter>Header Files</Filter>
    </QtMoc>
    <QtMoc Include="..\..\src\ModelGroup.h">
      <Filter>Header Files</Filter>
    </QtMoc>
    <QtMoc Include="..\..\src\ModelOutliner.h">
      <Filter>Header Files</Filter>
    </QtMoc>
    <QtMoc Include="..\..\src\ModelTableModel.h">
      <Filter>Header Files</Filter>
    </QtMoc>
    <QtMoc Include="..\..\src\mrichtextedit.h">
      <Filter>Header Files</Filter>
    </QtMoc>
    <QtMoc Include="..\..\src\mtextedit.h">
      <Filter>Header Files</Filter>
    </QtMoc>
    <QtMoc Include="..\..\src\NavigationControl.h">
      <Filter>Header Files</Filter>
    </QtMoc>
    <QtMoc Include="..\..\src\NumberSlider.h">
      <Filter>Header Files</Filter>
    </QtMoc>
    <QtMoc Include="..\..\src\OSGViewerWidget.h">
      <Filter>Header Files</Filter>
    </QtMoc>
    <QtMoc Include="..\..\src\ScrollBoxItem.h">
      <Filter>Header Files</Filter>
    </QtMoc>
    <QtMoc Include="..\..\src\Selection.h">
      <Filter>Header Files</Filter>
    </QtMoc>
    <QtMoc Include="..\..\src\SelectionStack.h">
      <Filter>Header Files</Filter>
    </QtMoc>
    <QtMoc Include="..\..\src\StyleSettingsDialog.h">
      <Filter>Header Files</Filter>
    </QtMoc>
    <QtMoc Include="..\..\src\StyleSettingsWidget.h">
      <Filter>Header Files</Filter>
    </QtMoc>
    <QtMoc Include="..\..\src\TextToolbar.h">
      <Filter>Header Files</Filter>
    </QtMoc>
    <QtMoc Include="..\..\src\TickSlider.h">
      <Filter>Header Files</Filter>
    </QtMoc>
    <QtMoc Include="..\..\src\TimeSlider.h">
      <Filter>Header Files</Filter>
    </QtMoc>
    <QtMoc Include="..\..\src\VSimApp.h">
      <Filter>Header Files</Filter>
    </QtMoc>
    <QtMoc Include="..\..\src\VSimRoot.h">
      <Filter>Header Files</Filter>
    </QtMoc>
  </ItemGroup>
  <ItemGroup>
    <QtUic Include="..\..\src\CanvasSettings.ui">
      <Filter>Form Files</Filter>
    </QtUic>
    <QtUic Include="..\..\src\editButtons.ui">
      <Filter>Form Files</Filter>
    </QtUic>
    <QtUic Include="..\..\src\ERBar.ui">
      <Filter>Form Files</Filter>
    </QtUic>
    <QtUic Include="..\..\src\MainWindow.ui">
      <Filter>Form Files</Filter>
    </QtUic>
    <QtUic Include="..\..\src\MainWindowTopBar.ui">
      <Filter>Form Files</Filter>
    </QtUic>
    <QtUic Include="..\..\src\mrichtextedit.ui">
      <Filter>Form Files</Filter>
    </QtUic>
    <QtUic Include="..\..\src\NumberSlider.ui">
      <Filter>Form Files</Filter>
    </QtUic>
    <QtUic Include="..\..\src\StyleSettingsDialog.ui">
      <Filter>Form Files</Filter>
    </QtUic>
    <QtUic Include="..\..\src\StyleSettingsWidget.ui">
      <Filter>Form Files</Filter>
    </QtUic>
    <QtUic Include="..\..\src\TextToolbar.ui">
      <Filter>Form Files</Filter>
    </QtUic>
    <QtUic Include="..\..\src\TimeSlider.ui">
      <Filter>Form Files</Filter>
    </QtUic>
  </ItemGroup>
  <ItemGroup>
    <None Include="..\..\src\eresources.fbs" />
    <None Include="..\..\src\narratives.fbs" />
    <None Include="..\..\src\settings.fbs" />
    <None Include="..\..\src\types.fbs" />
    <None Include="..\..\src\vsim.fbs" />
  </ItemGroup>
</Project>